
Microsoft Visual Studio Solution File, Format Version 12.00
# Visual Studio Version 17
VisualStudioVersion = 17.11.35222.181
MinimumVisualStudioVersion = 10.0.40219.1
Project("{FAE04EC0-301F-11D3-BF4B-00C04F79EFBC}") = "JWT_Auth_Web_API", "JWT_Auth_Web_API\JWT_Auth_Web_API.csproj", "{350E2144-90D8-4AA2-9403-3C52AB3C871D}"
EndProject
Global
	GlobalSection(SolutionConfigurationPlatforms) = preSolution
		Debug|Any CPU = Debug|Any CPU
		Release|Any CPU = Release|Any CPU
	EndGlobalSection
	GlobalSection(ProjectConfigurationPlatforms) = postSolution
		{350E2144-90D8-4AA2-9403-3C52AB3C871D}.Debug|Any CPU.ActiveCfg = Debug|Any CPU
		{350E2144-90D8-4AA2-9403-3C52AB3C871D}.Debug|Any CPU.Build.0 = Debug|Any CPU
		{350E2144-90D8-4AA2-9403-3C52AB3C871D}.Release|Any CPU.ActiveCfg = Release|Any CPU
		{350E2144-90D8-4AA2-9403-3C52AB3C871D}.Release|Any CPU.Build.0 = Release|Any CPU
	EndGlobalSection
	GlobalSection(SolutionProperties) = preSolution
		HideSolutionNode = FALSE
	EndGlobalSection
	GlobalSection(ExtensibilityGlobals) = postSolution
		SolutionGuid = {477C78CA-E1D0-44A8-8805-1DDA4300DEF1}
	EndGlobalSection
EndGlobal
